# THIS IS AN AUTOGENERATED FILE. DO NOT EDIT THIS FILE DIRECTLY.
# yarn lockfile v1


ws@^8.18.0:
  version "8.21.1"
  resolved "https://registry.yarnpkg.com/ws/-/ws-8.21.1.tgz#045650cd4b1207809e7547146223c3814a9af586"
  integrity sha512-+0NTnW77fFN/DjQi6k/Sq/Yvk4Sgajw7urW8V+asjXnRgDs9gyGkdb7EzgfhA4goXsRIZKE28fzIXBHEzhuiWw==
